// !$*UTF8*$!
{
	archiveVersion = 1;
	classes = {
	};
	objectVersion = 50;
	objects = {

/* Begin PBXBuildFile section */
		2D18EB722250B7F400CD4086 /* UIViewController+UI.swift in Sources */ = {isa = PBXBuildFile; fileRef = 2D18EB712250B7F400CD4086 /* UIViewController+UI.swift */; };
		4C1493B060A37CA442554EDE /* Pods_Balance.framework in Frameworks */ = {isa = PBXBuildFile; fileRef = 1BB6EC2F3EC3B87A6DDC28D1 /* Pods_Balance.framework */; };
		531AFF63224FD7F700916843 /* UIRefreshControl+ManualRefresh.swift in Sources */ = {isa = PBXBuildFile; fileRef = 531AFF62224FD7F700916843 /* UIRefreshControl+ManualRefresh.swift */; };
		531AFF672251409A00916843 /* CDPBalanceTableViewCell.swift in Sources */ = {isa = PBXBuildFile; fileRef = 531AFF662251409A00916843 /* CDPBalanceTableViewCell.swift */; };
		5355309E22383EA800BD119C /* CryptoBalanceTableViewCell.swift in Sources */ = {isa = PBXBuildFile; fileRef = 5355309D22383EA800BD119C /* CryptoBalanceTableViewCell.swift */; };
		53721AAB22381BEB001C1883 /* EthplorerAPI.swift in Sources */ = {isa = PBXBuildFile; fileRef = 53721AAA22381BEB001C1883 /* EthplorerAPI.swift */; };
		53721AB1223835A4001C1883 /* CoinMarketCapAPI.swift in Sources */ = {isa = PBXBuildFile; fileRef = 53721AB0223835A4001C1883 /* CoinMarketCapAPI.swift */; };
		53897A11224413CB009CACC4 /* Chat.swift in Sources */ = {isa = PBXBuildFile; fileRef = 53897A10224413CB009CACC4 /* Chat.swift */; };
		53897A1322442FB3009CACC4 /* BalanceViewController.swift in Sources */ = {isa = PBXBuildFile; fileRef = 53897A1222442FB3009CACC4 /* BalanceViewController.swift */; };
		53897A1422443A5C009CACC4 /* NamedWalletTableViewCell.swift in Sources */ = {isa = PBXBuildFile; fileRef = DC4BA4EF223460C700A4E30D /* NamedWalletTableViewCell.swift */; };
		53897A1622445533009CACC4 /* MenuUnderlineView.swift in Sources */ = {isa = PBXBuildFile; fileRef = 53897A1522445533009CACC4 /* MenuUnderlineView.swift */; };
		53897A1A2244584F009CACC4 /* MenuViewTitleCell.swift in Sources */ = {isa = PBXBuildFile; fileRef = 53897A192244584F009CACC4 /* MenuViewTitleCell.swift */; };
		538AACF52239ACDA004C3706 /* QRCode.swift in Sources */ = {isa = PBXBuildFile; fileRef = 538AACF42239ACDA004C3706 /* QRCode.swift */; };
		538AACF72239C5B4004C3706 /* WalletInfoView.swift in Sources */ = {isa = PBXBuildFile; fileRef = 538AACF62239C5B4004C3706 /* WalletInfoView.swift */; };
		538AACF9223A3083004C3706 /* PaddedLabel.swift in Sources */ = {isa = PBXBuildFile; fileRef = 538AACF8223A3083004C3706 /* PaddedLabel.swift */; };
		53BABFB222394005009DCF63 /* Token.swift in Sources */ = {isa = PBXBuildFile; fileRef = 53BABFB122394005009DCF63 /* Token.swift */; };
		53EE40D0223D8DF9002340E4 /* ExpandableTableViewCell.swift in Sources */ = {isa = PBXBuildFile; fileRef = 53EE40CF223D8DF9002340E4 /* ExpandableTableViewCell.swift */; };
		53F0C9AD2235751F00FF0796 /* UILabel-FontSize.swift in Sources */ = {isa = PBXBuildFile; fileRef = 53F0C9AC2235751F00FF0796 /* UILabel-FontSize.swift */; };
		53F0C9AF223578BD00FF0796 /* CoreDataHelper.swift in Sources */ = {isa = PBXBuildFile; fileRef = 53F0C9AE223578BD00FF0796 /* CoreDataHelper.swift */; };
		53F0C9B22235798100FF0796 /* MakerToolsAPI.swift in Sources */ = {isa = PBXBuildFile; fileRef = 53F0C9B12235798100FF0796 /* MakerToolsAPI.swift */; };
		53F0C9B422357D4500FF0796 /* DispatchQueue+Async.swift in Sources */ = {isa = PBXBuildFile; fileRef = 53F0C9B322357D4500FF0796 /* DispatchQueue+Async.swift */; };
		53F0C9B6223596B400FF0796 /* CDPInfoView.swift in Sources */ = {isa = PBXBuildFile; fileRef = 53F0C9B5223596B400FF0796 /* CDPInfoView.swift */; };
		53F0C9BC2235B4BA00FF0796 /* AddEthereumWalletViewController.swift in Sources */ = {isa = PBXBuildFile; fileRef = 53F0C9BB2235B4BA00FF0796 /* AddEthereumWalletViewController.swift */; };
		53F0C9BE2235B67100FF0796 /* UIColor+Hex.swift in Sources */ = {isa = PBXBuildFile; fileRef = 53F0C9BD2235B67100FF0796 /* UIColor+Hex.swift */; };
		53F0C9C02236D70A00FF0796 /* SettingsTableViewCell.swift in Sources */ = {isa = PBXBuildFile; fileRef = 53F0C9BF2236D70A00FF0796 /* SettingsTableViewCell.swift */; };
		53F0C9C22236E4E600FF0796 /* WelcomeViewController.swift in Sources */ = {isa = PBXBuildFile; fileRef = 53F0C9C12236E4E600FF0796 /* WelcomeViewController.swift */; };
		DC3455082221686D00136F8F /* Balance.xcdatamodeld in Sources */ = {isa = PBXBuildFile; fileRef = DC3455062221686D00136F8F /* Balance.xcdatamodeld */; };
		DC452002222050F80077813C /* Assets.xcassets in Resources */ = {isa = PBXBuildFile; fileRef = DC452001222050F80077813C /* Assets.xcassets */; };
		DC4BA4EC2234583900A4E30D /* TabBarController.swift in Sources */ = {isa = PBXBuildFile; fileRef = DC4BA4EB2234583900A4E30D /* TabBarController.swift */; };
		DC4BA4EE22345FC900A4E30D /* WalletsViewController.swift in Sources */ = {isa = PBXBuildFile; fileRef = DC4BA4ED22345FC900A4E30D /* WalletsViewController.swift */; };
		DC4BA4F22234617A00A4E30D /* EthereumWallet.swift in Sources */ = {isa = PBXBuildFile; fileRef = DC4BA4F12234617A00A4E30D /* EthereumWallet.swift */; };
		DC4BA4F42234747100A4E30D /* SettingsViewController.swift in Sources */ = {isa = PBXBuildFile; fileRef = DC4BA4F32234747100A4E30D /* SettingsViewController.swift */; };
		DC4EF031223A3B9600B8EFA4 /* Launch Screen.storyboard in Resources */ = {isa = PBXBuildFile; fileRef = DC4EF030223A3B9600B8EFA4 /* Launch Screen.storyboard */; };
		DC66983D221CA8F000C383BD /* AppDelegate.swift in Sources */ = {isa = PBXBuildFile; fileRef = DC66983C221CA8F000C383BD /* AppDelegate.swift */; };
		DC66983F221CA8F000C383BD /* BalanceContentViewController.swift in Sources */ = {isa = PBXBuildFile; fileRef = DC66983E221CA8F000C383BD /* BalanceContentViewController.swift */; };
		DC66984F221D7E0200C383BD /* CDP.swift in Sources */ = {isa = PBXBuildFile; fileRef = DC66984E221D7E0200C383BD /* CDP.swift */; };
		DCBF852822380B010002F93F /* Icons.xcassets in Resources */ = {isa = PBXBuildFile; fileRef = DCBF852722380B010002F93F /* Icons.xcassets */; };
		F1D844E42242A512007245E9 /* WalletTableViewCell.swift in Sources */ = {isa = PBXBuildFile; fileRef = F1D844E32242A512007245E9 /* WalletTableViewCell.swift */; };
		F1D844EA2243A881007245E9 /* EIP55.swift in Sources */ = {isa = PBXBuildFile; fileRef = F1D844E92243A881007245E9 /* EIP55.swift */; };
/* End PBXBuildFile section */

/* Begin PBXFileReference section */
		1BB6EC2F3EC3B87A6DDC28D1 /* Pods_Balance.framework */ = {isa = PBXFileReference; explicitFileType = wrapper.framework; includeInIndex = 0; path = Pods_Balance.framework; sourceTree = BUILT_PRODUCTS_DIR; };
		2D18EB712250B7F400CD4086 /* UIViewController+UI.swift */ = {isa = PBXFileReference; lastKnownFileType = sourcecode.swift; path = "UIViewController+UI.swift"; sourceTree = "<group>"; };
		40607B177AFD9494F39BE62A /* Pods-Balance.release.xcconfig */ = {isa = PBXFileReference; includeInIndex = 1; lastKnownFileType = text.xcconfig; name = "Pods-Balance.release.xcconfig"; path = "Target Support Files/Pods-Balance/Pods-Balance.release.xcconfig"; sourceTree = "<group>"; };
		531AFF62224FD7F700916843 /* UIRefreshControl+ManualRefresh.swift */ = {isa = PBXFileReference; lastKnownFileType = sourcecode.swift; path = "UIRefreshControl+ManualRefresh.swift"; sourceTree = "<group>"; };
		531AFF662251409A00916843 /* CDPBalanceTableViewCell.swift */ = {isa = PBXFileReference; fileEncoding = 4; lastKnownFileType = sourcecode.swift; path = CDPBalanceTableViewCell.swift; sourceTree = "<group>"; };
		5355309D22383EA800BD119C /* CryptoBalanceTableViewCell.swift */ = {isa = PBXFileReference; lastKnownFileType = sourcecode.swift; path = CryptoBalanceTableViewCell.swift; sourceTree = "<group>"; };
		53721AAA22381BEB001C1883 /* EthplorerAPI.swift */ = {isa = PBXFileReference; lastKnownFileType = sourcecode.swift; path = EthplorerAPI.swift; sourceTree = "<group>"; };
		53721AB0223835A4001C1883 /* CoinMarketCapAPI.swift */ = {isa = PBXFileReference; lastKnownFileType = sourcecode.swift; path = CoinMarketCapAPI.swift; sourceTree = "<group>"; };
		53897A10224413CB009CACC4 /* Chat.swift */ = {isa = PBXFileReference; lastKnownFileType = sourcecode.swift; path = Chat.swift; sourceTree = "<group>"; };
		53897A1222442FB3009CACC4 /* BalanceViewController.swift */ = {isa = PBXFileReference; lastKnownFileType = sourcecode.swift; path = BalanceViewController.swift; sourceTree = "<group>"; };
		53897A1522445533009CACC4 /* MenuUnderlineView.swift */ = {isa = PBXFileReference; lastKnownFileType = sourcecode.swift; path = MenuUnderlineView.swift; sourceTree = "<group>"; };
		53897A192244584F009CACC4 /* MenuViewTitleCell.swift */ = {isa = PBXFileReference; lastKnownFileType = sourcecode.swift; path = MenuViewTitleCell.swift; sourceTree = "<group>"; };
		538AACF42239ACDA004C3706 /* QRCode.swift */ = {isa = PBXFileReference; lastKnownFileType = sourcecode.swift; path = QRCode.swift; sourceTree = "<group>"; };
		538AACF62239C5B4004C3706 /* WalletInfoView.swift */ = {isa = PBXFileReference; lastKnownFileType = sourcecode.swift; path = WalletInfoView.swift; sourceTree = "<group>"; };
		538AACF8223A3083004C3706 /* PaddedLabel.swift */ = {isa = PBXFileReference; lastKnownFileType = sourcecode.swift; path = PaddedLabel.swift; sourceTree = "<group>"; };
		53BABFB122394005009DCF63 /* Token.swift */ = {isa = PBXFileReference; lastKnownFileType = sourcecode.swift; path = Token.swift; sourceTree = "<group>"; };
		53EE40CF223D8DF9002340E4 /* ExpandableTableViewCell.swift */ = {isa = PBXFileReference; lastKnownFileType = sourcecode.swift; path = ExpandableTableViewCell.swift; sourceTree = "<group>"; };
		53F0C9AC2235751F00FF0796 /* UILabel-FontSize.swift */ = {isa = PBXFileReference; lastKnownFileType = sourcecode.swift; path = "UILabel-FontSize.swift"; sourceTree = "<group>"; };
		53F0C9AE223578BD00FF0796 /* CoreDataHelper.swift */ = {isa = PBXFileReference; lastKnownFileType = sourcecode.swift; path = CoreDataHelper.swift; sourceTree = "<group>"; };
		53F0C9B12235798100FF0796 /* MakerToolsAPI.swift */ = {isa = PBXFileReference; lastKnownFileType = sourcecode.swift; path = MakerToolsAPI.swift; sourceTree = "<group>"; };
		53F0C9B322357D4500FF0796 /* DispatchQueue+Async.swift */ = {isa = PBXFileReference; fileEncoding = 4; lastKnownFileType = sourcecode.swift; path = "DispatchQueue+Async.swift"; sourceTree = "<group>"; };
		53F0C9B5223596B400FF0796 /* CDPInfoView.swift */ = {isa = PBXFileReference; lastKnownFileType = sourcecode.swift; path = CDPInfoView.swift; sourceTree = "<group>"; };
		53F0C9BB2235B4BA00FF0796 /* AddEthereumWalletViewController.swift */ = {isa = PBXFileReference; lastKnownFileType = sourcecode.swift; path = AddEthereumWalletViewController.swift; sourceTree = "<group>"; };
		53F0C9BD2235B67100FF0796 /* UIColor+Hex.swift */ = {isa = PBXFileReference; lastKnownFileType = sourcecode.swift; path = "UIColor+Hex.swift"; sourceTree = "<group>"; };
		53F0C9BF2236D70A00FF0796 /* SettingsTableViewCell.swift */ = {isa = PBXFileReference; lastKnownFileType = sourcecode.swift; path = SettingsTableViewCell.swift; sourceTree = "<group>"; };
		53F0C9C12236E4E600FF0796 /* WelcomeViewController.swift */ = {isa = PBXFileReference; lastKnownFileType = sourcecode.swift; path = WelcomeViewController.swift; sourceTree = "<group>"; };
		BBDB647AA27FFD2C20301337 /* Pods-Balance.debug.xcconfig */ = {isa = PBXFileReference; includeInIndex = 1; lastKnownFileType = text.xcconfig; name = "Pods-Balance.debug.xcconfig"; path = "Target Support Files/Pods-Balance/Pods-Balance.debug.xcconfig"; sourceTree = "<group>"; };
		DC3455072221686D00136F8F /* Balance.xcdatamodel */ = {isa = PBXFileReference; lastKnownFileType = wrapper.xcdatamodel; path = Balance.xcdatamodel; sourceTree = "<group>"; };
		DC452001222050F80077813C /* Assets.xcassets */ = {isa = PBXFileReference; lastKnownFileType = folder.assetcatalog; path = Assets.xcassets; sourceTree = "<group>"; };
		DC4BA4EA223437D800A4E30D /* Balance.playground */ = {isa = PBXFileReference; lastKnownFileType = file.playground; path = Balance.playground; sourceTree = "<group>"; xcLanguageSpecificationIdentifier = xcode.lang.swift; };
		DC4BA4EB2234583900A4E30D /* TabBarController.swift */ = {isa = PBXFileReference; lastKnownFileType = sourcecode.swift; path = TabBarController.swift; sourceTree = "<group>"; };
		DC4BA4ED22345FC900A4E30D /* WalletsViewController.swift */ = {isa = PBXFileReference; lastKnownFileType = sourcecode.swift; path = WalletsViewController.swift; sourceTree = "<group>"; };
		DC4BA4EF223460C700A4E30D /* NamedWalletTableViewCell.swift */ = {isa = PBXFileReference; lastKnownFileType = sourcecode.swift; path = NamedWalletTableViewCell.swift; sourceTree = "<group>"; };
		DC4BA4F12234617A00A4E30D /* EthereumWallet.swift */ = {isa = PBXFileReference; lastKnownFileType = sourcecode.swift; path = EthereumWallet.swift; sourceTree = "<group>"; };
		DC4BA4F32234747100A4E30D /* SettingsViewController.swift */ = {isa = PBXFileReference; lastKnownFileType = sourcecode.swift; path = SettingsViewController.swift; sourceTree = "<group>"; };
		DC4EF030223A3B9600B8EFA4 /* Launch Screen.storyboard */ = {isa = PBXFileReference; lastKnownFileType = file.storyboard; path = "Launch Screen.storyboard"; sourceTree = "<group>"; };
		DC669839221CA8F000C383BD /* Balance.app */ = {isa = PBXFileReference; explicitFileType = wrapper.application; includeInIndex = 0; path = Balance.app; sourceTree = BUILT_PRODUCTS_DIR; };
		DC66983C221CA8F000C383BD /* AppDelegate.swift */ = {isa = PBXFileReference; lastKnownFileType = sourcecode.swift; path = AppDelegate.swift; sourceTree = "<group>"; };
		DC66983E221CA8F000C383BD /* BalanceContentViewController.swift */ = {isa = PBXFileReference; lastKnownFileType = sourcecode.swift; path = BalanceContentViewController.swift; sourceTree = "<group>"; };
		DC669848221CA8F100C383BD /* Info.plist */ = {isa = PBXFileReference; lastKnownFileType = text.plist.xml; path = Info.plist; sourceTree = "<group>"; };
		DC66984E221D7E0200C383BD /* CDP.swift */ = {isa = PBXFileReference; lastKnownFileType = sourcecode.swift; path = CDP.swift; sourceTree = "<group>"; };
		DC7E6F3022516983000AF7EC /* Balance.entitlements */ = {isa = PBXFileReference; lastKnownFileType = text.plist.entitlements; path = Balance.entitlements; sourceTree = "<group>"; };
		DCBF852722380B010002F93F /* Icons.xcassets */ = {isa = PBXFileReference; lastKnownFileType = folder.assetcatalog; path = Icons.xcassets; sourceTree = "<group>"; };
		F1D844E32242A512007245E9 /* WalletTableViewCell.swift */ = {isa = PBXFileReference; lastKnownFileType = sourcecode.swift; path = WalletTableViewCell.swift; sourceTree = "<group>"; };
		F1D844E92243A881007245E9 /* EIP55.swift */ = {isa = PBXFileReference; lastKnownFileType = sourcecode.swift; path = EIP55.swift; sourceTree = "<group>"; };
/* End PBXFileReference section */

/* Begin PBXFrameworksBuildPhase section */
		DC669836221CA8F000C383BD /* Frameworks */ = {
			isa = PBXFrameworksBuildPhase;
			buildActionMask = 2147483647;
			files = (
				4C1493B060A37CA442554EDE /* Pods_Balance.framework in Frameworks */,
			);
			runOnlyForDeploymentPostprocessing = 0;
		};
/* End PBXFrameworksBuildPhase section */

/* Begin PBXGroup section */
		538AACF32239ACCA004C3706 /* Utils */ = {
			isa = PBXGroup;
			children = (
				F1D844E92243A881007245E9 /* EIP55.swift */,
				538AACF42239ACDA004C3706 /* QRCode.swift */,
				53897A10224413CB009CACC4 /* Chat.swift */,
			);
			path = Utils;
			sourceTree = "<group>";
		};
		53F0C9A8223571B900FF0796 /* Models */ = {
			isa = PBXGroup;
			children = (
				DC66984E221D7E0200C383BD /* CDP.swift */,
				DC4BA4F12234617A00A4E30D /* EthereumWallet.swift */,
				53F0C9AE223578BD00FF0796 /* CoreDataHelper.swift */,
				53BABFB122394005009DCF63 /* Token.swift */,
			);
			path = Models;
			sourceTree = "<group>";
		};
		53F0C9A9223571C300FF0796 /* View Controllers */ = {
			isa = PBXGroup;
			children = (
				53F0C9C42236E4FF00FF0796 /* Modal */,
				53F0C9C32236E4F100FF0796 /* Tabs */,
			);
			path = "View Controllers";
			sourceTree = "<group>";
		};
		53F0C9AA223571D500FF0796 /* Table Cells */ = {
			isa = PBXGroup;
			children = (
				53EE40CF223D8DF9002340E4 /* ExpandableTableViewCell.swift */,
				5355309D22383EA800BD119C /* CryptoBalanceTableViewCell.swift */,
				531AFF662251409A00916843 /* CDPBalanceTableViewCell.swift */,
				DC4BA4EF223460C700A4E30D /* NamedWalletTableViewCell.swift */,
				53F0C9BF2236D70A00FF0796 /* SettingsTableViewCell.swift */,
				F1D844E32242A512007245E9 /* WalletTableViewCell.swift */,
			);
			path = "Table Cells";
			sourceTree = "<group>";
		};
		53F0C9AB223571E800FF0796 /* Views */ = {
			isa = PBXGroup;
			children = (
				53F0C9B5223596B400FF0796 /* CDPInfoView.swift */,
				538AACF62239C5B4004C3706 /* WalletInfoView.swift */,
				538AACF8223A3083004C3706 /* PaddedLabel.swift */,
				53897A1522445533009CACC4 /* MenuUnderlineView.swift */,
				53897A192244584F009CACC4 /* MenuViewTitleCell.swift */,
			);
			path = Views;
			sourceTree = "<group>";
		};
		53F0C9B02235796000FF0796 /* API */ = {
			isa = PBXGroup;
			children = (
				53F0C9B12235798100FF0796 /* MakerToolsAPI.swift */,
				53721AAA22381BEB001C1883 /* EthplorerAPI.swift */,
				53721AB0223835A4001C1883 /* CoinMarketCapAPI.swift */,
			);
			path = API;
			sourceTree = "<group>";
		};
		53F0C9C32236E4F100FF0796 /* Tabs */ = {
			isa = PBXGroup;
			children = (
				DC4BA4EB2234583900A4E30D /* TabBarController.swift */,
				DC4BA4ED22345FC900A4E30D /* WalletsViewController.swift */,
				53897A1222442FB3009CACC4 /* BalanceViewController.swift */,
				DC66983E221CA8F000C383BD /* BalanceContentViewController.swift */,
				DC4BA4F32234747100A4E30D /* SettingsViewController.swift */,
			);
			path = Tabs;
			sourceTree = "<group>";
		};
		53F0C9C42236E4FF00FF0796 /* Modal */ = {
			isa = PBXGroup;
			children = (
				53F0C9BB2235B4BA00FF0796 /* AddEthereumWalletViewController.swift */,
				53F0C9C12236E4E600FF0796 /* WelcomeViewController.swift */,
			);
			name = Modal;
			path = ../..;
			sourceTree = "<group>";
		};
		671853DF3540132917996814 /* Frameworks */ = {
			isa = PBXGroup;
			children = (
				1BB6EC2F3EC3B87A6DDC28D1 /* Pods_Balance.framework */,
			);
			name = Frameworks;
			sourceTree = "<group>";
		};
		76225EB6B814565E0DA6B90F /* Pods */ = {
			isa = PBXGroup;
			children = (
				BBDB647AA27FFD2C20301337 /* Pods-Balance.debug.xcconfig */,
				40607B177AFD9494F39BE62A /* Pods-Balance.release.xcconfig */,
			);
			path = Pods;
			sourceTree = "<group>";
		};
		DC5B07672225B07800107A8B /* Extensions */ = {
			isa = PBXGroup;
			children = (
				53F0C9B322357D4500FF0796 /* DispatchQueue+Async.swift */,
				53F0C9AC2235751F00FF0796 /* UILabel-FontSize.swift */,
				53F0C9BD2235B67100FF0796 /* UIColor+Hex.swift */,
				531AFF62224FD7F700916843 /* UIRefreshControl+ManualRefresh.swift */,
				2D18EB712250B7F400CD4086 /* UIViewController+UI.swift */,
			);
			path = Extensions;
			sourceTree = "<group>";
		};
		DC669830221CA8F000C383BD = {
			isa = PBXGroup;
			children = (
				DC4EF030223A3B9600B8EFA4 /* Launch Screen.storyboard */,
				DC66983B221CA8F000C383BD /* Balance */,
				DC66983A221CA8F000C383BD /* Products */,
				76225EB6B814565E0DA6B90F /* Pods */,
				671853DF3540132917996814 /* Frameworks */,
			);
			sourceTree = "<group>";
		};
		DC66983A221CA8F000C383BD /* Products */ = {
			isa = PBXGroup;
			children = (
				DC669839221CA8F000C383BD /* Balance.app */,
			);
			name = Products;
			sourceTree = "<group>";
		};
		DC66983B221CA8F000C383BD /* Balance */ = {
			isa = PBXGroup;
			children = (
				DC7E6F3022516983000AF7EC /* Balance.entitlements */,
				DC66983C221CA8F000C383BD /* AppDelegate.swift */,
				DC5B07672225B07800107A8B /* Extensions */,
				53F0C9B02235796000FF0796 /* API */,
				53F0C9A8223571B900FF0796 /* Models */,
				53F0C9A9223571C300FF0796 /* View Controllers */,
				53F0C9AB223571E800FF0796 /* Views */,
				53F0C9AA223571D500FF0796 /* Table Cells */,
				538AACF32239ACCA004C3706 /* Utils */,
				DC4BA4EA223437D800A4E30D /* Balance.playground */,
				DC452001222050F80077813C /* Assets.xcassets */,
				DCBF852722380B010002F93F /* Icons.xcassets */,
				DC669848221CA8F100C383BD /* Info.plist */,
				DC3455062221686D00136F8F /* Balance.xcdatamodeld */,
			);
			path = Balance;
			sourceTree = "<group>";
		};
/* End PBXGroup section */

/* Begin PBXNativeTarget section */
		DC669838221CA8F000C383BD /* Balance */ = {
			isa = PBXNativeTarget;
			buildConfigurationList = DC66984B221CA8F100C383BD /* Build configuration list for PBXNativeTarget "Balance" */;
			buildPhases = (
				1498338121071E6253D9E871 /* [CP] Check Pods Manifest.lock */,
				2D18EB732250C5D000CD4086 /* Run Swift Format */,
				DC669835221CA8F000C383BD /* Sources */,
				DC669836221CA8F000C383BD /* Frameworks */,
				DC669837221CA8F000C383BD /* Resources */,
				E98A920B721C057F7F96B0EA /* [CP] Embed Pods Frameworks */,
				0866835E8D9A64B95AFF72A9 /* [CP] Copy Pods Resources */,
			);
			buildRules = (
			);
			dependencies = (
			);
			name = Balance;
			productName = Balance;
			productReference = DC669839221CA8F000C383BD /* Balance.app */;
			productType = "com.apple.product-type.application";
		};
/* End PBXNativeTarget section */

/* Begin PBXProject section */
		DC669831221CA8F000C383BD /* Project object */ = {
			isa = PBXProject;
			attributes = {
				LastSwiftUpdateCheck = 1010;
				LastUpgradeCheck = 1010;
				ORGANIZATIONNAME = Balance;
				TargetAttributes = {
					DC669838221CA8F000C383BD = {
						CreatedOnToolsVersion = 10.1;
						LastSwiftMigration = 1020;
						SystemCapabilities = {
							com.apple.Push = {
								enabled = 1;
							};
						};
					};
				};
			};
			buildConfigurationList = DC669834221CA8F000C383BD /* Build configuration list for PBXProject "Balance" */;
			compatibilityVersion = "Xcode 9.3";
			developmentRegion = en;
			hasScannedForEncodings = 0;
			knownRegions = (
				en,
				Base,
			);
			mainGroup = DC669830221CA8F000C383BD;
			productRefGroup = DC66983A221CA8F000C383BD /* Products */;
			projectDirPath = "";
			projectRoot = "";
			targets = (
				DC669838221CA8F000C383BD /* Balance */,
			);
		};
/* End PBXProject section */

/* Begin PBXResourcesBuildPhase section */
		DC669837221CA8F000C383BD /* Resources */ = {
			isa = PBXResourcesBuildPhase;
			buildActionMask = 2147483647;
			files = (
				DCBF852822380B010002F93F /* Icons.xcassets in Resources */,
				DC4EF031223A3B9600B8EFA4 /* Launch Screen.storyboard in Resources */,
				DC452002222050F80077813C /* Assets.xcassets in Resources */,
			);
			runOnlyForDeploymentPostprocessing = 0;
		};
/* End PBXResourcesBuildPhase section */

/* Begin PBXShellScriptBuildPhase section */
		0866835E8D9A64B95AFF72A9 /* [CP] Copy Pods Resources */ = {
			isa = PBXShellScriptBuildPhase;
			buildActionMask = 2147483647;
			files = (
			);
			inputFileListPaths = (
			);
			inputPaths = (
				"${PODS_ROOT}/Target Support Files/Pods-Balance/Pods-Balance-resources.sh",
				"${PODS_ROOT}/Intercom/Intercom/Intercom.framework/Versions/A/Resources/Intercom.bundle",
				"${PODS_ROOT}/Intercom/Intercom/Intercom.framework/Versions/A/Resources/IntercomTranslations.bundle",
			);
			name = "[CP] Copy Pods Resources";
			outputFileListPaths = (
			);
			outputPaths = (
				"${TARGET_BUILD_DIR}/${UNLOCALIZED_RESOURCES_FOLDER_PATH}/Intercom.bundle",
				"${TARGET_BUILD_DIR}/${UNLOCALIZED_RESOURCES_FOLDER_PATH}/IntercomTranslations.bundle",
			);
			runOnlyForDeploymentPostprocessing = 0;
			shellPath = /bin/sh;
			shellScript = "\"${PODS_ROOT}/Target Support Files/Pods-Balance/Pods-Balance-resources.sh\"\n";
			showEnvVarsInLog = 0;
		};
		1498338121071E6253D9E871 /* [CP] Check Pods Manifest.lock */ = {
			isa = PBXShellScriptBuildPhase;
			buildActionMask = 2147483647;
			files = (
			);
			inputFileListPaths = (
			);
			inputPaths = (
				"${PODS_PODFILE_DIR_PATH}/Podfile.lock",
				"${PODS_ROOT}/Manifest.lock",
			);
			name = "[CP] Check Pods Manifest.lock";
			outputFileListPaths = (
			);
			outputPaths = (
				"$(DERIVED_FILE_DIR)/Pods-Balance-checkManifestLockResult.txt",
			);
			runOnlyForDeploymentPostprocessing = 0;
			shellPath = /bin/sh;
			shellScript = "diff \"${PODS_PODFILE_DIR_PATH}/Podfile.lock\" \"${PODS_ROOT}/Manifest.lock\" > /dev/null\nif [ $? != 0 ] ; then\n    # print error to STDERR\n    echo \"error: The sandbox is not in sync with the Podfile.lock. Run 'pod install' or update your CocoaPods installation.\" >&2\n    exit 1\nfi\n# This output is used by Xcode 'outputs' to avoid re-running this script phase.\necho \"SUCCESS\" > \"${SCRIPT_OUTPUT_FILE_0}\"\n";
			showEnvVarsInLog = 0;
		};
		2D18EB732250C5D000CD4086 /* Run Swift Format */ = {
			isa = PBXShellScriptBuildPhase;
			buildActionMask = 2147483647;
			files = (
			);
			inputFileListPaths = (
			);
			inputPaths = (
			);
			name = "Run Swift Format";
			outputFileListPaths = (
			);
			outputPaths = (
			);
			runOnlyForDeploymentPostprocessing = 0;
			shellPath = /bin/sh;
			shellScript = "# Type a script or drag a script file from your workspace to insert its path.\n\"${PODS_ROOT}/SwiftFormat/CommandLineTool/swiftformat\" \"${SRCROOT}/Balance\"\n";
		};
		E98A920B721C057F7F96B0EA /* [CP] Embed Pods Frameworks */ = {
			isa = PBXShellScriptBuildPhase;
			buildActionMask = 2147483647;
			files = (
			);
			inputFileListPaths = (
			);
			inputPaths = (
				"${PODS_ROOT}/Target Support Files/Pods-Balance/Pods-Balance-frameworks.sh",
				"${BUILT_PRODUCTS_DIR}/CryptoSwift/CryptoSwift.framework",
				"${BUILT_PRODUCTS_DIR}/PagingKit/PagingKit.framework",
				"${BUILT_PRODUCTS_DIR}/QuickLayout/QuickLayout.framework",
				"${BUILT_PRODUCTS_DIR}/SnapKit/SnapKit.framework",
				"${BUILT_PRODUCTS_DIR}/SwiftEntryKit/SwiftEntryKit.framework",
			);
			name = "[CP] Embed Pods Frameworks";
			outputFileListPaths = (
			);
			outputPaths = (
				"${TARGET_BUILD_DIR}/${FRAMEWORKS_FOLDER_PATH}/CryptoSwift.framework",
				"${TARGET_BUILD_DIR}/${FRAMEWORKS_FOLDER_PATH}/PagingKit.framework",
				"${TARGET_BUILD_DIR}/${FRAMEWORKS_FOLDER_PATH}/QuickLayout.framework",
				"${TARGET_BUILD_DIR}/${FRAMEWORKS_FOLDER_PATH}/SnapKit.framework",
				"${TARGET_BUILD_DIR}/${FRAMEWORKS_FOLDER_PATH}/SwiftEntryKit.framework",
			);
			runOnlyForDeploymentPostprocessing = 0;
			shellPath = /bin/sh;
			shellScript = "\"${PODS_ROOT}/Target Support Files/Pods-Balance/Pods-Balance-frameworks.sh\"\n";
			showEnvVarsInLog = 0;
		};
/* End PBXShellScriptBuildPhase section */

/* Begin PBXSourcesBuildPhase section */
		DC669835221CA8F000C383BD /* Sources */ = {
			isa = PBXSourcesBuildPhase;
			buildActionMask = 2147483647;
			files = (
				F1D844E42242A512007245E9 /* WalletTableViewCell.swift in Sources */,
				53897A1422443A5C009CACC4 /* NamedWalletTableViewCell.swift in Sources */,
				53F0C9B6223596B400FF0796 /* CDPInfoView.swift in Sources */,
				DC4BA4EC2234583900A4E30D /* TabBarController.swift in Sources */,
				53EE40D0223D8DF9002340E4 /* ExpandableTableViewCell.swift in Sources */,
				538AACF72239C5B4004C3706 /* WalletInfoView.swift in Sources */,
				53F0C9B422357D4500FF0796 /* DispatchQueue+Async.swift in Sources */,
				DC66984F221D7E0200C383BD /* CDP.swift in Sources */,
				53897A1322442FB3009CACC4 /* BalanceViewController.swift in Sources */,
				538AACF9223A3083004C3706 /* PaddedLabel.swift in Sources */,
				53897A11224413CB009CACC4 /* Chat.swift in Sources */,
				53F0C9C22236E4E600FF0796 /* WelcomeViewController.swift in Sources */,
				DC3455082221686D00136F8F /* Balance.xcdatamodeld in Sources */,
				53F0C9B22235798100FF0796 /* MakerToolsAPI.swift in Sources */,
				53F0C9AD2235751F00FF0796 /* UILabel-FontSize.swift in Sources */,
				531AFF63224FD7F700916843 /* UIRefreshControl+ManualRefresh.swift in Sources */,
				F1D844EA2243A881007245E9 /* EIP55.swift in Sources */,
				538AACF52239ACDA004C3706 /* QRCode.swift in Sources */,
				53897A1A2244584F009CACC4 /* MenuViewTitleCell.swift in Sources */,
				53F0C9BC2235B4BA00FF0796 /* AddEthereumWalletViewController.swift in Sources */,
				5355309E22383EA800BD119C /* CryptoBalanceTableViewCell.swift in Sources */,
				DC4BA4EE22345FC900A4E30D /* WalletsViewController.swift in Sources */,
				DC66983F221CA8F000C383BD /* BalanceContentViewController.swift in Sources */,
				53BABFB222394005009DCF63 /* Token.swift in Sources */,
				53F0C9BE2235B67100FF0796 /* UIColor+Hex.swift in Sources */,
				53F0C9AF223578BD00FF0796 /* CoreDataHelper.swift in Sources */,
				53721AB1223835A4001C1883 /* CoinMarketCapAPI.swift in Sources */,
				DC4BA4F22234617A00A4E30D /* EthereumWallet.swift in Sources */,
				2D18EB722250B7F400CD4086 /* UIViewController+UI.swift in Sources */,
				53721AAB22381BEB001C1883 /* EthplorerAPI.swift in Sources */,
				531AFF672251409A00916843 /* CDPBalanceTableViewCell.swift in Sources */,
				DC66983D221CA8F000C383BD /* AppDelegate.swift in Sources */,
				53F0C9C02236D70A00FF0796 /* SettingsTableViewCell.swift in Sources */,
				53897A1622445533009CACC4 /* MenuUnderlineView.swift in Sources */,
				DC4BA4F42234747100A4E30D /* SettingsViewController.swift in Sources */,
			);
			runOnlyForDeploymentPostprocessing = 0;
		};
/* End PBXSourcesBuildPhase section */

/* Begin XCBuildConfiguration section */
		DC669849221CA8F100C383BD /* Debug */ = {
			isa = XCBuildConfiguration;
			buildSettings = {
				ALWAYS_SEARCH_USER_PATHS = NO;
				CLANG_ANALYZER_NONNULL = YES;
				CLANG_ANALYZER_NUMBER_OBJECT_CONVERSION = YES_AGGRESSIVE;
				CLANG_CXX_LANGUAGE_STANDARD = "gnu++14";
				CLANG_CXX_LIBRARY = "libc++";
				CLANG_ENABLE_MODULES = YES;
				CLANG_ENABLE_OBJC_ARC = YES;
				CLANG_ENABLE_OBJC_WEAK = YES;
				CLANG_WARN_BLOCK_CAPTURE_AUTORELEASING = YES;
				CLANG_WARN_BOOL_CONVERSION = YES;
				CLANG_WARN_COMMA = YES;
				CLANG_WARN_CONSTANT_CONVERSION = YES;
				CLANG_WARN_DEPRECATED_OBJC_IMPLEMENTATIONS = YES;
				CLANG_WARN_DIRECT_OBJC_ISA_USAGE = YES_ERROR;
				CLANG_WARN_DOCUMENTATION_COMMENTS = YES;
				CLANG_WARN_EMPTY_BODY = YES;
				CLANG_WARN_ENUM_CONVERSION = YES;
				CLANG_WARN_INFINITE_RECURSION = YES;
				CLANG_WARN_INT_CONVERSION = YES;
				CLANG_WARN_NON_LITERAL_NULL_CONVERSION = YES;
				CLANG_WARN_OBJC_IMPLICIT_RETAIN_SELF = YES;
				CLANG_WARN_OBJC_LITERAL_CONVERSION = YES;
				CLANG_WARN_OBJC_ROOT_CLASS = YES_ERROR;
				CLANG_WARN_RANGE_LOOP_ANALYSIS = YES;
				CLANG_WARN_STRICT_PROTOTYPES = YES;
				CLANG_WARN_SUSPICIOUS_MOVE = YES;
				CLANG_WARN_UNGUARDED_AVAILABILITY = YES_AGGRESSIVE;
				CLANG_WARN_UNREACHABLE_CODE = YES;
				CLANG_WARN__DUPLICATE_METHOD_MATCH = YES;
				CODE_SIGN_IDENTITY = "iPhone Developer";
				COPY_PHASE_STRIP = NO;
				DEBUG_INFORMATION_FORMAT = dwarf;
				ENABLE_STRICT_OBJC_MSGSEND = YES;
				ENABLE_TESTABILITY = YES;
				GCC_C_LANGUAGE_STANDARD = gnu11;
				GCC_DYNAMIC_NO_PIC = NO;
				GCC_NO_COMMON_BLOCKS = YES;
				GCC_OPTIMIZATION_LEVEL = 0;
				GCC_PREPROCESSOR_DEFINITIONS = (
					"DEBUG=1",
					"$(inherited)",
				);
				GCC_WARN_64_TO_32_BIT_CONVERSION = YES;
				GCC_WARN_ABOUT_RETURN_TYPE = YES_ERROR;
				GCC_WARN_UNDECLARED_SELECTOR = YES;
				GCC_WARN_UNINITIALIZED_AUTOS = YES_AGGRESSIVE;
				GCC_WARN_UNUSED_FUNCTION = YES;
				GCC_WARN_UNUSED_VARIABLE = YES;
				IPHONEOS_DEPLOYMENT_TARGET = 12.1;
				MTL_ENABLE_DEBUG_INFO = INCLUDE_SOURCE;
				MTL_FAST_MATH = YES;
				ONLY_ACTIVE_ARCH = YES;
				SDKROOT = iphoneos;
				SWIFT_ACTIVE_COMPILATION_CONDITIONS = DEBUG;
				SWIFT_OPTIMIZATION_LEVEL = "-Onone";
			};
			name = Debug;
		};
		DC66984A221CA8F100C383BD /* Release */ = {
			isa = XCBuildConfiguration;
			buildSettings = {
				ALWAYS_SEARCH_USER_PATHS = NO;
				CLANG_ANALYZER_NONNULL = YES;
				CLANG_ANALYZER_NUMBER_OBJECT_CONVERSION = YES_AGGRESSIVE;
				CLANG_CXX_LANGUAGE_STANDARD = "gnu++14";
				CLANG_CXX_LIBRARY = "libc++";
				CLANG_ENABLE_MODULES = YES;
				CLANG_ENABLE_OBJC_ARC = YES;
				CLANG_ENABLE_OBJC_WEAK = YES;
				CLANG_WARN_BLOCK_CAPTURE_AUTORELEASING = YES;
				CLANG_WARN_BOOL_CONVERSION = YES;
				CLANG_WARN_COMMA = YES;
				CLANG_WARN_CONSTANT_CONVERSION = YES;
				CLANG_WARN_DEPRECATED_OBJC_IMPLEMENTATIONS = YES;
				CLANG_WARN_DIRECT_OBJC_ISA_USAGE = YES_ERROR;
				CLANG_WARN_DOCUMENTATION_COMMENTS = YES;
				CLANG_WARN_EMPTY_BODY = YES;
				CLANG_WARN_ENUM_CONVERSION = YES;
				CLANG_WARN_INFINITE_RECURSION = YES;
				CLANG_WARN_INT_CONVERSION = YES;
				CLANG_WARN_NON_LITERAL_NULL_CONVERSION = YES;
				CLANG_WARN_OBJC_IMPLICIT_RETAIN_SELF = YES;
				CLANG_WARN_OBJC_LITERAL_CONVERSION = YES;
				CLANG_WARN_OBJC_ROOT_CLASS = YES_ERROR;
				CLANG_WARN_RANGE_LOOP_ANALYSIS = YES;
				CLANG_WARN_STRICT_PROTOTYPES = YES;
				CLANG_WARN_SUSPICIOUS_MOVE = YES;
				CLANG_WARN_UNGUARDED_AVAILABILITY = YES_AGGRESSIVE;
				CLANG_WARN_UNREACHABLE_CODE = YES;
				CLANG_WARN__DUPLICATE_METHOD_MATCH = YES;
				CODE_SIGN_IDENTITY = "iPhone Developer";
				COPY_PHASE_STRIP = NO;
				DEBUG_INFORMATION_FORMAT = "dwarf-with-dsym";
				ENABLE_NS_ASSERTIONS = NO;
				ENABLE_STRICT_OBJC_MSGSEND = YES;
				GCC_C_LANGUAGE_STANDARD = gnu11;
				GCC_NO_COMMON_BLOCKS = YES;
				GCC_WARN_64_TO_32_BIT_CONVERSION = YES;
				GCC_WARN_ABOUT_RETURN_TYPE = YES_ERROR;
				GCC_WARN_UNDECLARED_SELECTOR = YES;
				GCC_WARN_UNINITIALIZED_AUTOS = YES_AGGRESSIVE;
				GCC_WARN_UNUSED_FUNCTION = YES;
				GCC_WARN_UNUSED_VARIABLE = YES;
				IPHONEOS_DEPLOYMENT_TARGET = 12.1;
				MTL_ENABLE_DEBUG_INFO = NO;
				MTL_FAST_MATH = YES;
				SDKROOT = iphoneos;
				SWIFT_COMPILATION_MODE = wholemodule;
				SWIFT_OPTIMIZATION_LEVEL = "-O";
				VALIDATE_PRODUCT = YES;
			};
			name = Release;
		};
		DC66984C221CA8F100C383BD /* Debug */ = {
			isa = XCBuildConfiguration;
			baseConfigurationReference = BBDB647AA27FFD2C20301337 /* Pods-Balance.debug.xcconfig */;
			buildSettings = {
				ASSETCATALOG_COMPILER_APPICON_NAME = AppIcon;
				CODE_SIGN_ENTITLEMENTS = Balance/Balance.entitlements;
				CODE_SIGN_STYLE = Automatic;
				DEVELOPMENT_TEAM = Q4G66XSS36;
				GCC_OPTIMIZATION_LEVEL = 0;
				INFOPLIST_FILE = Balance/Info.plist;
				LD_RUNPATH_SEARCH_PATHS = (
					"$(inherited)",
					"@executable_path/Frameworks",
				);
				PRODUCT_BUNDLE_IDENTIFIER = test.Balance;
				PRODUCT_NAME = "$(TARGET_NAME)";
				SWIFT_OPTIMIZATION_LEVEL = "-Onone";
				SWIFT_VERSION = 4.2;
				TARGETED_DEVICE_FAMILY = 1;
			};
			name = Debug;
		};
		DC66984D221CA8F100C383BD /* Release */ = {
			isa = XCBuildConfiguration;
			baseConfigurationReference = 40607B177AFD9494F39BE62A /* Pods-Balance.release.xcconfig */;
			buildSettings = {
				ASSETCATALOG_COMPILER_APPICON_NAME = AppIcon;
				CODE_SIGN_ENTITLEMENTS = Balance/Balance.entitlements;
				CODE_SIGN_STYLE = Automatic;
				DEVELOPMENT_TEAM = Q4G66XSS36;
				INFOPLIST_FILE = Balance/Info.plist;
				LD_RUNPATH_SEARCH_PATHS = (
					"$(inherited)",
					"@executable_path/Frameworks",
				);
				PRODUCT_BUNDLE_IDENTIFIER = test.Balance;
				PRODUCT_NAME = "$(TARGET_NAME)";
				SWIFT_OPTIMIZATION_LEVEL = "-Onone";
				SWIFT_VERSION = 4.2;
				TARGETED_DEVICE_FAMILY = 1;
			};
			name = Release;
		};
/* End XCBuildConfiguration section */

/* Begin XCConfigurationList section */
		DC669834221CA8F000C383BD /* Build configuration list for PBXProject "Balance" */ = {
			isa = XCConfigurationList;
			buildConfigurations = (
				DC669849221CA8F100C383BD /* Debug */,
				DC66984A221CA8F100C383BD /* Release */,
			);
			defaultConfigurationIsVisible = 0;
			defaultConfigurationName = Release;
		};
		DC66984B221CA8F100C383BD /* Build configuration list for PBXNativeTarget "Balance" */ = {
			isa = XCConfigurationList;
			buildConfigurations = (
				DC66984C221CA8F100C383BD /* Debug */,
				DC66984D221CA8F100C383BD /* Release */,
			);
			defaultConfigurationIsVisible = 0;
			defaultConfigurationName = Release;
		};
/* End XCConfigurationList section */

/* Begin XCVersionGroup section */
		DC3455062221686D00136F8F /* Balance.xcdatamodeld */ = {
			isa = XCVersionGroup;
			children = (
				DC3455072221686D00136F8F /* Balance.xcdatamodel */,
			);
			currentVersion = DC3455072221686D00136F8F /* Balance.xcdatamodel */;
			path = Balance.xcdatamodeld;
			sourceTree = "<group>";
			versionGroupType = wrapper.xcdatamodel;
		};
/* End XCVersionGroup section */
	};
	rootObject = DC669831221CA8F000C383BD /* Project object */;
}
